
Microsoft Visual Studio Solution File, Format Version 12.00
# Visual Studio Version 17
VisualStudioVersion = 17.4.33122.133
MinimumVisualStudioVersion = 10.0.40219.1
Project("{FAE04EC0-301F-11D3-BF4B-00C04F79EFBC}") = "Livraria", "Livraria\Livraria.csproj", "{6C1F308D-137B-4270-9A6D-DE3CCD8B4798}"
EndProject
Global
	GlobalSection(SolutionConfigurationPlatforms) = preSolution
		Debug|Any CPU = Debug|Any CPU
		Release|Any CPU = Release|Any CPU
	EndGlobalSection
	GlobalSection(ProjectConfigurationPlatforms) = postSolution
		{6C1F308D-137B-4270-9A6D-DE3CCD8B4798}.Debug|Any CPU.ActiveCfg = Debug|Any CPU
		{6C1F308D-137B-4270-9A6D-DE3CCD8B4798}.Debug|Any CPU.Build.0 = Debug|Any CPU
		{6C1F308D-137B-4270-9A6D-DE3CCD8B4798}.Release|Any CPU.ActiveCfg = Release|Any CPU
		{6C1F308D-137B-4270-9A6D-DE3CCD8B4798}.Release|Any CPU.Build.0 = Release|Any CPU
	EndGlobalSection
	GlobalSection(SolutionProperties) = preSolution
		HideSolutionNode = FALSE
	EndGlobalSection
	GlobalSection(ExtensibilityGlobals) = postSolution
		SolutionGuid = {EA8ACF3C-799D-4DF4-BF88-16739DDE0388}
	EndGlobalSection
EndGlobal
